
Microsoft Visual Studio Solution File, Format Version 12.00
Project("{FAE04EC0-301F-11D3-BF4B-00C04F79EFBC}") = "Silk", "Rendering\Silk\Silk.csproj", "{2432B37D-EAAB-44AC-A841-3EB72BCF639D}"
EndProject
Project("{2150E333-8FDC-42A3-9474-1A3956D46DE8}") = "Rendering", "Rendering", "{8E730706-C5F0-46DB-92D7-8F32AF188796}"
EndProject
Project("{FAE04EC0-301F-11D3-BF4B-00C04F79EFBC}") = "Silk.Examples", "Rendering\Silk.Examples\Silk.Examples.csproj", "{EA438525-BF5C-43E6-9066-C18CE6768391}"
EndProject
Project("{2150E333-8FDC-42A3-9474-1A3956D46DE8}") = "Spine", "Spine", "{2B4A760B-B274-49B3-842C-4B3960743211}"
EndProject
Project("{FAE04EC0-301F-11D3-BF4B-00C04F79EFBC}") = "Spine.Examples", "Spine\Spine.Examples\Spine.Examples.csproj", "{9891F752-12D1-46AF-87FE-FA2909DC70CC}"
EndProject
Project("{FAE04EC0-301F-11D3-BF4B-00C04F79EFBC}") = "Spine", "Spine\Spine\Spine.csproj", "{5AE3E5B7-D781-4C0A-ADF7-8C689E8A87AA}"
EndProject
Project("{FAE04EC0-301F-11D3-BF4B-00C04F79EFBC}") = "MainframeEngine", "MainframeEngine\MainframeEngine.csproj", "{4C867AB6-8E59-48E4-9040-D63498BAC94C}"
EndProject
Project("{FAE04EC0-301F-11D3-BF4B-00C04F79EFBC}") = "MainframeEngine.Test", "MainframeEngine.Test\MainframeEngine.Test.csproj", "{97F16F14-1248-4C60-A7CD-9A0490C637CB}"
EndProject
Global
	GlobalSection(SolutionConfigurationPlatforms) = preSolution
		Debug|Any CPU = Debug|Any CPU
		Release|Any CPU = Release|Any CPU
	EndGlobalSection
	GlobalSection(ProjectConfigurationPlatforms) = postSolution
		{2432B37D-EAAB-44AC-A841-3EB72BCF639D}.Debug|Any CPU.ActiveCfg = Debug|Any CPU
		{2432B37D-EAAB-44AC-A841-3EB72BCF639D}.Debug|Any CPU.Build.0 = Debug|Any CPU
		{2432B37D-EAAB-44AC-A841-3EB72BCF639D}.Release|Any CPU.ActiveCfg = Release|Any CPU
		{2432B37D-EAAB-44AC-A841-3EB72BCF639D}.Release|Any CPU.Build.0 = Release|Any CPU
		{EA438525-BF5C-43E6-9066-C18CE6768391}.Debug|Any CPU.ActiveCfg = Debug|Any CPU
		{EA438525-BF5C-43E6-9066-C18CE6768391}.Debug|Any CPU.Build.0 = Debug|Any CPU
		{EA438525-BF5C-43E6-9066-C18CE6768391}.Release|Any CPU.ActiveCfg = Release|Any CPU
		{EA438525-BF5C-43E6-9066-C18CE6768391}.Release|Any CPU.Build.0 = Release|Any CPU
		{9891F752-12D1-46AF-87FE-FA2909DC70CC}.Debug|Any CPU.ActiveCfg = Debug|Any CPU
		{9891F752-12D1-46AF-87FE-FA2909DC70CC}.Debug|Any CPU.Build.0 = Debug|Any CPU
		{9891F752-12D1-46AF-87FE-FA2909DC70CC}.Release|Any CPU.ActiveCfg = Release|Any CPU
		{9891F752-12D1-46AF-87FE-FA2909DC70CC}.Release|Any CPU.Build.0 = Release|Any CPU
		{5AE3E5B7-D781-4C0A-ADF7-8C689E8A87AA}.Debug|Any CPU.ActiveCfg = Debug|Any CPU
		{5AE3E5B7-D781-4C0A-ADF7-8C689E8A87AA}.Debug|Any CPU.Build.0 = Debug|Any CPU
		{5AE3E5B7-D781-4C0A-ADF7-8C689E8A87AA}.Release|Any CPU.ActiveCfg = Release|Any CPU
		{5AE3E5B7-D781-4C0A-ADF7-8C689E8A87AA}.Release|Any CPU.Build.0 = Release|Any CPU
		{4C867AB6-8E59-48E4-9040-D63498BAC94C}.Debug|Any CPU.ActiveCfg = Debug|Any CPU
		{4C867AB6-8E59-48E4-9040-D63498BAC94C}.Debug|Any CPU.Build.0 = Debug|Any CPU
		{4C867AB6-8E59-48E4-9040-D63498BAC94C}.Release|Any CPU.ActiveCfg = Release|Any CPU
		{4C867AB6-8E59-48E4-9040-D63498BAC94C}.Release|Any CPU.Build.0 = Release|Any CPU
		{97F16F14-1248-4C60-A7CD-9A0490C637CB}.Debug|Any CPU.ActiveCfg = Debug|Any CPU
		{97F16F14-1248-4C60-A7CD-9A0490C637CB}.Debug|Any CPU.Build.0 = Debug|Any CPU
		{97F16F14-1248-4C60-A7CD-9A0490C637CB}.Release|Any CPU.ActiveCfg = Release|Any CPU
		{97F16F14-1248-4C60-A7CD-9A0490C637CB}.Release|Any CPU.Build.0 = Release|Any CPU
	EndGlobalSection
	GlobalSection(NestedProjects) = preSolution
		{2432B37D-EAAB-44AC-A841-3EB72BCF639D} = {8E730706-C5F0-46DB-92D7-8F32AF188796}
		{EA438525-BF5C-43E6-9066-C18CE6768391} = {8E730706-C5F0-46DB-92D7-8F32AF188796}
		{9891F752-12D1-46AF-87FE-FA2909DC70CC} = {2B4A760B-B274-49B3-842C-4B3960743211}
		{5AE3E5B7-D781-4C0A-ADF7-8C689E8A87AA} = {2B4A760B-B274-49B3-842C-4B3960743211}
	EndGlobalSection
EndGlobal
