# Generated by build/shaders.sh lock — do not edit. <source sha256> <spv sha256> <source>
# slangc 2026.1-52-gc8ddf20bb
7c9b80db426add05587c8d33023eaf807c4335656e771b96c14c496a783374f0 96114fb6d727effc4dd7d1feb50d779ccd5e091e74c9022946d6f78da004b611 MainframeEngine/Content/Shaders/Canvas/Canvas.vk.frag.slang
2b6e61102163fdd3fa83b819040718217e9d75f01c7757325510016355c53dad 05dca7fe20adfb2c8c1c6d0ffc76cd1356e5b130587d3bd41c4942070ec6c44f MainframeEngine/Content/Shaders/Canvas/Canvas.vk.vert.slang
ed7a5adfb0562c57e7c7fbc57f7873b790f16ac2710059cee683130efdd265b8 2b02b3d1b74db091a85a80af0b98dd6f09537f5807ce035a386df00304516231 MainframeEngine/Content/Shaders/Debug/DebugLines.vk.frag.slang
59ed1cea04f046c9f5dd6906f95a91fbf38c2e6285d6cd7a4a85cad91bc202cf ea4b5d47514159bb9622257ae405fdfc2dc1fc0a8f8d64871dedb0ca20990b2d MainframeEngine/Content/Shaders/Debug/DebugLines.vk.vert.slang
7904b4b319bf538c52a86fd419e119504b528236faf9b76cf43419feb91a3ea5 eb49b319d4864482a8b1c52546e66a5768df476b87a1ac07dd029864c2428dfc MainframeEngine/Content/Shaders/Gizmos/ScreenGizmo.vk.frag.slang
63b21ac0720fccf26cbcb1fa0e67a5391a64376831d9fd2659f1e432723c803c 2ed8f288be7c1c9180ce566ffd70b77c8b43bbc121e5cc2c3cf26e1ebd774e7d MainframeEngine/Content/Shaders/Gizmos/ScreenGizmo.vk.vert.slang
0c3cbb13e50fe2628cc16f7fe053d874a52ec4e03d66ce78c1fb24508130544c c0b97b045d53423da78bfe9b805680be8656be7baa24aa2d2d16ca84a93ecbed MainframeEngine/Content/Shaders/Mesh/Mesh.vk.frag.slang
c5078e1034928296187b5603029132c94fc90e7b2b68f3e4499f52bde42ea402 c3fb9d44c17d1d164ea304407cd727e1ca457ed70aa8394ffa7af4bc86ca7a23 MainframeEngine/Content/Shaders/Mesh/Mesh.vk.vert.slang
f0a8022be6cff2c4ab8ef8cbfbfd5d428d53f502f999be941591c80457c1d44b 8c8410acae9241dfdf001371415fb37e87cf8c614a965665b324592ad3a4aa61 MainframeEngine/Content/Shaders/Mesh/MeshId.vk.frag.slang
68571d40645cb32047f34b4415d2703112db31e4831f5b420104cddd0c70fc30 e61fa746545a3113bad006025e46e0cc31cde0fc326f02ac4eedb5be97832dd0 MainframeEngine/Content/Shaders/Mesh/MeshId.vk.vert.slang
7c088087c060c4338b330c006b5e9c93dfbb16e059cd13688df81a6b4f3dbb20 8f2abe433b9277636aa4fc8a232924286adfabde12c254d48bddb0bef13c65ab MainframeEngine/Content/Shaders/Mesh/MeshOutline.vk.vert.slang
9a7c6e252298f45d60e8ff3a72579af7449476625e65c5e1b0a491d9d2d291e6 241cf721287846ed369e52a77fbcad6df038bbd1e88ea1de030d88ff6ff1a9d1 MainframeEngine/Content/Shaders/Post/Fullscreen.vk.vert.slang
51b5c145b338dd275b053d9e17d5485ae19a79907a1d6648ec4d7ae25be5e893 c0bb69abab342d8c1a3857565521bb7224210880493ab97a1171423672ad6cf2 MainframeEngine/Content/Shaders/Post/GlowBlur.vk.frag.slang
f98a653e824cd811612b48c5d662cb72b6a035f4422e24c148040c809245ed83 6267cd09c285ce6a269724bb7cf4e66264654b47dcb2d7bdb7257be94e3001d2 MainframeEngine/Content/Shaders/Post/Tonemap.vk.frag.slang
c990a51dcdbf77cae0740a755a51979d1786075760f864f25e663c87ed96d3e8 693a1ed201e593033f998eb5692bf4ce9d3d9decb12320083b57dc655eb87181 MainframeEngine/Content/Shaders/Post/TonemapPost.vk.frag.slang
70c851994488cebe185604b5c9ae8607a1212de344f597b652fd0237ab73fe4c 2e55fc11b458da5497ba7b0a93f745ca5fec30397b88f56a4d1d30c319465d36 MainframeEngine/Content/Shaders/SceneGrid/SceneGrid.vk.frag.slang
bf869646cf76bbe36cab9c0beaf2c8309756f6cbde9fbee7fc5395d23928a5b2 27c3dafdf0219f436f5f7e7591090fb485047a759157558e5f58946f3b0961fc MainframeEngine/Content/Shaders/SceneGrid/SceneGrid.vk.vert.slang
21f309111e9968c8071ed8cf287fcc275fe68e842d5d026650cde94faf862947 82719c4e431f62fbbab099faf2d5793b9372661cdff73850b599491e8d25b022 MainframeEngine/Content/Shaders/Shadows/Shadow2D.vk.frag.slang
141f8738af77139e51495a16f4d861ff1d5b4f023d45393f344a3ddb4999d319 5432f919c02cca7684ab176f2f1f14c6c76d9ae144ce62dc5df495f2dbd375eb MainframeEngine/Content/Shaders/Shadows/Shadow2D.vk.vert.slang
8b49f1fdbb7dc24f7c056e8eacef19ab160f917901946d04cec378cdd974cfe2 546546bf7876c96a0c8e109e51a3da4532aa2db119169c9d9943f8d76b1ed8e0 MainframeEngine/Content/Shaders/Shadows/Shadow2DCutoutInstanced.vk.vert.slang
e254996b8f4cb3832b5ffd6690c5c7925ff12a64785000acfbb61768d9e8d4bf b2c8fe082ab2602f3e81fa93ae3d3f4a1dd3161485d2a23788bd7f78c6f911f5 MainframeEngine/Content/Shaders/Shadows/Shadow2DInstanced.vk.vert.slang
c8b0b58551e6d586bf148f55d37a3d60003702dc24e569219bec8ae30a802e4f 054efe6bedcd88006341394b12024e59464f670be0dd2806eb8ee4083c4bbfbb MainframeEngine/Content/Shaders/Shadows/ShadowCutout.vk.frag.slang
962d8b2382876c772b0d6df45f6d38a8a10c1e554cd79a69efdd428aee21c58d 3f21ea6e2b7d232b5919abb8811654ac26dc541f1bfe6a07f061c70cc213559a MainframeEngine/Content/Shaders/Shadows/ShadowPoint.vk.frag.slang
f9f99d329e62fee40045cdba02873a728f7e81c92abb76dc30de45e39b024700 52c0b1505855734ce36c8a2c0846f03102e459f3cc8a295484ec84ca030eda43 MainframeEngine/Content/Shaders/Shadows/ShadowPoint.vk.vert.slang
6e12d057c5716fb28c6dd57390e14986aefe5c5c1db33cfb68aec226a4d06067 6e8664b573ba23118fb510f5ec2304c5b590a8c8ac95358f0d26e817b058152a MainframeEngine/Content/Shaders/Shadows/ShadowPointCutout.vk.frag.slang
adacb168bfb42fb8caad568cb9164fe86652bb364f5195753abd91bc9200ecbb a33c018e386654c08ebfaccaea692e75e4fdc6b6c520d52b5700691c3d0511ce MainframeEngine/Content/Shaders/Shadows/ShadowPointCutoutInstanced.vk.vert.slang
a727ca2b44f9ca34bb6dbf22fd8c98c3e82ed3aeb24b7ae2cfbd76be9a93d5cd 23124dbfe7ac4791f4fdb647db8f6782d400bfa23a6b6ffcfc5cab11cd75f5a1 MainframeEngine/Content/Shaders/Shadows/ShadowPointInstanced.vk.vert.slang
e6c47a23e6aaefd1c1ee2bc505f5b007b5cd0ebd0003cb4a140ea8607360ffc4 396499b1bea7c6616cf2c086783d5ed2ff785cc01e80e70b8da8b75374b5a141 MainframeEngine/Content/Shaders/Sky/Sky.Cubemap.vk.frag.slang
0c0a810e8441e8c672ec53652938d2c971725bc947f6029974dd852306d224e9 aaec80b37ab73fec3876a089905d4642f7ed6eb947bf5805d9192e7c1e4cd971 MainframeEngine/Content/Shaders/Sky/Sky.Panoramic.vk.frag.slang
68249e8f75db01992f929474e455dfa9870df8a4e32eaac94a30d217baa04592 aa74b522e0f4eb066af322449bb93ac6068860a4e5708f0c52e212e94fc688b8 MainframeEngine/Content/Shaders/Sky/Sky.Procedural.vk.frag.slang
cc65ee497e80ebd884e70d1396ce78ee0a0cf4b4f67a52b156de0794d41efd78 e9196dcc1891ec233fe3816e2624f745ab574c4aafb2c1111f214de32ea5ae93 MainframeEngine/Content/Shaders/Sky/Sky.vk.vert.slang
4313cda7626128ba0313a744f5cf1c7ed9686cf8bb7bb6055eba2fa5ce28b8a9 630ad822e815a37e69f0ca8b8b6720850e041415bcf7bba593cbc19ae41f73cf MainframeEngine/Content/Shaders/Spine/SpineLit.vk.frag.slang
a37c191a552bc281f491b7fbb91fad2e598b5db9c29894ee18be0a534511d913 31ac1049392f8f1dd39431bf56e697d54be81adf51a4f5b5e01a0ac4e408d79c MainframeEngine/Content/Shaders/Spine/SpineLit.vk.vert.slang
b5b325a051ab0c79a7292c48957e734f120d67b4cf5ce2658a5df1bfd88e1241 6555be237146aa1a6ebc299e1c61b82658292ed1ea1ff5e04f8738f455b44bc5 MainframeEngine/Content/Shaders/UI/Ui.vk.frag.slang
4b39ce7163774e432af582326f0df162a11c19729952d4f153ee0bac270233fa 500cecfc137de1d7d3e8f636c82d34ce2c418baa52acdfc84558ba0f55504aba MainframeEngine/Content/Shaders/UI/Ui.vk.vert.slang
94adc699f4b419b273f487589eaf64206235e6dfe9c2cde799a63a81139cc58e 06248f2c5cef84dc7e049c1c7aa468b709d304a1c136e5dfe50a5f20274fd36a MainframeEngine/Content/Shaders/UI/UiBlendMask.vk.frag.slang
dcf9f61d4f7821c442b861dd8c4cc5961819895b60f3dacb79d4d3d79e6c0804 b20974bb31f7720087a0b64e4ed68aeacd2ab72ef48c2fdabd11724d4bb1f967 MainframeEngine/Content/Shaders/UI/UiBlur.vk.frag.slang
846f45eebb646e2973bb94b17186ddf635fcdc230900b73cb1aa65265ce01efd c9b8fcb5cdc374032de5ad5882621dd205e05b88126834e6f4263afeb68f1cda MainframeEngine/Content/Shaders/UI/UiColorMatrix.vk.frag.slang
5f0dfa58464ac66f4ba4a15da26518b670c5ec60d8d35b2a8f353800648c248e 5810b6eec7d0e61ff23580e77c19bf689d8dbabe4c3ad8508a2a1c52648d1bff MainframeEngine/Content/Shaders/UI/UiDropShadow.vk.frag.slang
bc548e89727ab607772aefd4a099ef15e1c10c717ef004ef7aca4b01fd8b25c7 720ade8f58a1e531150861eda85ac4ac398ac404104b03c15aa3d5f6694aca1a MainframeEngine/Content/Shaders/UI/UiFullscreen.vk.vert.slang
380f00c45e1bcd74c0247a4b7858ead779ca7ea94d431cb25aac1114642ceb6d efd4735dbfec93ceb31a311a765f7bbe6fea0aa5dbd5f63e169e2ffa9ca466a4 MainframeEngine/Content/Shaders/UI/UiGradient.vk.frag.slang
6cb61fee6bcbfd8cbb91969b835e96ebd08d9223be46acb135bf1f6b7c7fc702 98903104035f505bae9478fc4daebbdad1ab6cc370f40db04af38b856b34b647 MainframeEngine/Content/Shaders/UI/UiPassthrough.vk.frag.slang
375617c2263124d4ab5dd8dc95b70ad9dd39c34db1424145c5156d9686314197 - MainframeEngine/Content/Shaders/include/canvas.slang
d30355aad1d6137c6dd4592e5425b3044bddb161c6b0e121192fcfed4406e148 - MainframeEngine/Content/Shaders/include/canvas_lights.slang
0bd5ea5dbf122fdcdaa2e34194c19b505f9255421eae0212433df125793a337a - MainframeEngine/Content/Shaders/include/common.slang
d45e04d7997a5e4d46e57f0a10041424d8f9bce8899c053bbde751842f0674a4 - MainframeEngine/Content/Shaders/include/frame.slang
eeeccf38c5335857ea76e6b0b98c31f06b93100997fdbde91034fef1bce2a2b3 - MainframeEngine/Content/Shaders/include/lights.slang
ef19f1e4d60924da3f90d2fa3e25969b321f99f80851ed935807951aeedd22b6 - MainframeEngine/Content/Shaders/include/limits.slang
cc77da8c582562cce511ac7bf7fe0b24b0f615441a7ad5f48599e3500d298381 - MainframeEngine/Content/Shaders/include/material.slang
680c6f3902bede934422980f3d5a25f40e49f7eb37bf8714e28044c226bf856f - MainframeEngine/Content/Shaders/include/shadows.slang
34f0e38939eaad4a021124e1274b847d366a15c5a3e21f6ad0232b9b6289e5bd - MainframeEngine/Content/Shaders/include/sky.slang
