# Generated by build/shaders.sh lock — do not edit. <source sha256> <spv sha256> <source>
35078e0715f96f34ff67d0ada277d0a5ffb1f2633e98262703854fc3fae1c134 761b260abf12e825aabedf1e725c695f2eb523d27e146b7f5d19e09349726257 MainframeEngine/Content/Shaders/Canvas/Canvas.vk.frag
aa590ce8f0bf91f80697a670659275e279be633dc7286ae937f4dfa2d79e5690 e804cee15a571f7ec61ec9629b699090008350b237a1920e9e41289b7e1a9d01 MainframeEngine/Content/Shaders/Canvas/Canvas.vk.vert
84ecd02655dcb77685f3f1f7228a23491e2edf517443d9c0b806f1d57d4eaba3 982f550ad97d06a7dfc7632651b07b18b517c2845dcdee2deee04ee444b557db MainframeEngine/Content/Shaders/Debug/DebugLines.vk.frag
fef05bc083dd3631abf2dd651f64704e8a4211da066e800d74892fc1407f4f63 068b37b364b76d71d417a9cff04718d00a4975b852325a8adbe0bba5c02cfe91 MainframeEngine/Content/Shaders/Debug/DebugLines.vk.vert
047ed0d0aa279cbe7653087b37ac05b5ea937418fdb3c609fc4d347904617f96 450c4c8f539262cfcdfcc1f9640bd1b16798c621405416f4242911ddcdf2af5b MainframeEngine/Content/Shaders/Gizmos/ScreenGizmo.vk.frag
f1531337f7d33099b77afa02dcf48b2577ab529424ac5c45921d9e8b1c38168c 60f7b83437e68a34e637e824641c9791f9fc7c51c6c17c09cfe8f619ee01ce2f MainframeEngine/Content/Shaders/Gizmos/ScreenGizmo.vk.vert
2eb4338ade9bb482f55555469166e0db54a80f99665852c7f17833cd74dcb848 b3f1f86f75cd412f0959126df2b6c7842bee60fc70f271173c20425bf1f07c55 MainframeEngine/Content/Shaders/Mesh/Mesh.vk.frag
16bae80eeaebec6e4a073968dabc00b5df12211f8dccceef875dc889b771e0e6 a699bff7f26b9283b22fb6a85f6c13f5bcf2adeb640ab3bb8a3749c549117d89 MainframeEngine/Content/Shaders/Mesh/Mesh.vk.vert
1c5ff845c14a95d0eb8e5abb9eb123b7d41d88697b98438d338dfb78cc2f8096 27711adec6367233f6c7c946b6dae32e897b93cd210489492d7cd41fa4dfcacc MainframeEngine/Content/Shaders/Mesh/MeshId.vk.frag
665032dd6b62edc0eeb31fd31770ecf7772a1be2f5e8c2397ab9b65ba32e7f43 06d4e08ff0d2e24dc22893755884ac9122ee05a0f6da6b577e9c6fa2b1937389 MainframeEngine/Content/Shaders/Post/Fullscreen.vk.vert
50442ae984b87f26081b02e2e3987b68de30aefc7efbf7009e81f3258e52c864 3235d7a674ed2a6e9d438e7c7d4a350710d38a603f4eb3dc9ac5266f0b78c3d5 MainframeEngine/Content/Shaders/Post/Tonemap.vk.frag
783aea32af16461318e2d9e6c97b01b8038f08fbb260ab4b4990def7cb303320 a117410508d43bbcbb5332f46ead192334cb8472230312c9dad4b8094217a6a6 MainframeEngine/Content/Shaders/SceneGrid/SceneGrid.vk.frag
24abe7b729af7b978db44ca3d1fc29d599a72b29087923703f65d64452021273 f68207526eb951240b91c1408d03b0ddb7607bbad96907944e8fe82f8f683e18 MainframeEngine/Content/Shaders/SceneGrid/SceneGrid.vk.vert
f12021900f6a9a8f903506e680a7faa59dcd9443984831a437c9dc8db3f61e19 cd1a6b2da5c17a59e6faf4c913c2f889876c6a044073af2da44678bc42e0085a MainframeEngine/Content/Shaders/Shadows/Shadow2D.vk.frag
aab2071ffc527bb7894a012e5b930eb430b63b0999a9c3626a0989fff298b127 852a08c5c33d2aac0b96c528a7606750e8e747e9222c64fa23d7c001eb127f5e MainframeEngine/Content/Shaders/Shadows/Shadow2D.vk.vert
26949374fe8721822421daa69f73c8af58bfd54ed39657f26fe0313fa84bec32 ae6bedad16c0a71003f5765bc68c079b2dabbf00cfc6df6656b9b9eedc55f362 MainframeEngine/Content/Shaders/Shadows/Shadow2DCutoutInstanced.vk.vert
3cb7215f0ea595b4860d8cbb26d304dbf616d03c9f156e0e931d5c3cb1cfcbb1 fa977f1f2e7748401bc11267c6708a465bfd8229e3d8a7505f8861d987c06b86 MainframeEngine/Content/Shaders/Shadows/Shadow2DInstanced.vk.vert
5120c197c80bb96a84b39192602d13fc9661915caec73298e3e3889c3a42cc2a cc4706e6817f84e8c7c0a188694e71da5d188430734082728110fc8720b64d6a MainframeEngine/Content/Shaders/Shadows/ShadowCutout.vk.frag
486c422973afdc176fb09a7c9e5043e5af6e41603bdd8503c4b90ed34e4cee2c b7a873f7e659299bf5ef5da79757a2147177dbb2567a87be0c740670da0bed68 MainframeEngine/Content/Shaders/Shadows/ShadowPoint.vk.frag
f259aab33537fb25beb035851070784061a9bb826da5508614139eafda856898 01bc1ff9c5275b3e81813959fd264f1f6c96c7c1e1d18a43af444e237e170f59 MainframeEngine/Content/Shaders/Shadows/ShadowPoint.vk.vert
954e53d64857fc90904645040a49b780754bab21c8cb7e965b0470f96feb610e 07ca71b6c02eb524f70592c5d7aa20b0ab5737642f19c367812d99d99adf2119 MainframeEngine/Content/Shaders/Shadows/ShadowPointCutout.vk.frag
549ae44e4b6c0c90802d1c34f602a2962195ca2bedffcb1cf1d153ef4890d835 df6386fb0ac6a6fe0b1c6981440ed9865f6abeb5be4426fbe0c8b12689f3194e MainframeEngine/Content/Shaders/Shadows/ShadowPointCutoutInstanced.vk.vert
1cdc1294fbb1b2d0c1b72f5b4c68a7729bd89f729f6c89a0a17eead15994bcdf 208b2362ac6fd2a060882fb5c9a34a30cadaceecef8e34137a22b6c8317993af MainframeEngine/Content/Shaders/Shadows/ShadowPointInstanced.vk.vert
1edc93c4317b88d2124240f58e7bdaf2b0cab8a3c50e794dc7010d6e43e730bb e0a61559e3670fe2bfed76eeb4222b2fb017d586c70a71dc34e30a55f23f4a6b MainframeEngine/Content/Shaders/Sky/Sky.Cubemap.vk.frag
e2d1b87f4bac66d7e3ec4702c8de26ca8fd903811d96ee1cb315c7aa44227847 2374a1784328ce907a5d7e2debfe983bd5b92558bf37f891d070f978d0c532c4 MainframeEngine/Content/Shaders/Sky/Sky.Panoramic.vk.frag
b79fd5fa9832d418e697ab2bf95fe81b599b1f022c9bf493bcd4cc4da835ce45 be625889e0acd86c5c6f2f5b511eb42e280492b5e0ed3594a46550802b315bc2 MainframeEngine/Content/Shaders/Sky/Sky.Procedural.vk.frag
ee84b6bd9144128012429cef798e695c5232d64402f2dcd18ad75b5be9aa6983 6e1f55504a8a771489d25ed79015be63bd5534a6266619063198b08ebe4a6057 MainframeEngine/Content/Shaders/Sky/Sky.vk.vert
e6232321786a084603145a161d7491bb5208f1bc69ccf307670b0f7e1aeed875 9fa4f08c9be3ba943558a22ca106e951cf5c5bb131183f74431862d87c9abcd9 MainframeEngine/Content/Shaders/Spine/SpineLit.vk.frag
ea2c076e5bff147107d980156d6831950a4c4618c331541dfa41412115fd8da7 b750fe078148d0c44ce2f307a53dae06c0c3bdc7793717beee00908712584007 MainframeEngine/Content/Shaders/Spine/SpineLit.vk.vert
6bab210fdd676c6ed123b774d1a5176b30f7668296e503e2e0481d2ca95b99df 1179413a3df9513188ea039292b732f5cce4fb115831a11e7075a428383d2817 MainframeEngine/Content/Shaders/UI/Ui.vk.frag
0034a75fbe85912e8cd0d33d5d16713caea4c17515f0015841e47d0602fdf186 dc09a60adc30ae82e056ea313154f8cf4adff3d913c23ce1624b7af352b7edd8 MainframeEngine/Content/Shaders/UI/Ui.vk.vert
f4527cd5ade6255fa15b0a229e753fd776cecc937228bc0885df0782874c5212 344c54f273593075386e70b4bb311dd7ed3e05d36f5550ad611e17f930c21cf1 MainframeEngine/Content/Shaders/UI/UiBlendMask.vk.frag
ce355303032061cf29dd84ea2b4e199150dbf5686352b8132b2296a4abf91f87 2b0b9271c5452dc0a280dd3a8e0403bc521799b73fec81e950dc17617eac81d8 MainframeEngine/Content/Shaders/UI/UiBlur.vk.frag
8c19d00ca3db34bb44660b1379b063809f4e47333a9c0f1cff5928e90bf47140 26b2b1fbed7522d35cbdffbbdc4fd2355501ea85fd84c090490fa22f8a1e5ad9 MainframeEngine/Content/Shaders/UI/UiColorMatrix.vk.frag
3888be9e19be5c93f820da966eb9dc5c04bf59f26f56347703f2ad846832997e de60267bc092d986d61888eb01b9dcf98a30d7d55646bff99592f4e73ca96369 MainframeEngine/Content/Shaders/UI/UiDropShadow.vk.frag
32bba36c825307286269127dab9bf7616cc674a5a080f5281bdba1c2ce3b7270 5f4a91b4a813b36b6838a30c3b76e71cab660f18891b2f2626af60eeb0f455f4 MainframeEngine/Content/Shaders/UI/UiFullscreen.vk.vert
405871ff88720c8b0738380e3da8d827644bc9902881ebcde00abec027d7d8f8 19366f824dadf88f3fdf2d227202368dba95844d4a1b7e1a520acc6e2135dd5e MainframeEngine/Content/Shaders/UI/UiGradient.vk.frag
e3bc9ac7ff208ae944db484a3a4c794bd49ca485cde71403a9b2d1a8b8e13b30 868e26a1130ee1d68331d9e321bf0529a100ebc3563a318893da4dee1839321c MainframeEngine/Content/Shaders/UI/UiPassthrough.vk.frag
e16a8bec4959bd7ed8dd4b99f739cf791feb230cb885c2e6003f85326fa1d39c - MainframeEngine/Content/Shaders/include/canvas.glsl
1e525d06659bbf4adf9be83d513c099bad065680624b1c2653fe875ac9b6133a - MainframeEngine/Content/Shaders/include/canvas_lights.glsl
568c8a28923907e626d303227129a5e6c618b58f996a6a3ddefc9e12821c2731 - MainframeEngine/Content/Shaders/include/common.glsl
38b8314c7a6c112dec7d4ba79c8e619f93e8f71abdd1efc6d251cb37f2a77a67 - MainframeEngine/Content/Shaders/include/frame.glsl
8626b3969f5bbd79851d0981aa3ee6e1d18cbc42b784668207831f22e8a9ad71 - MainframeEngine/Content/Shaders/include/lights.glsl
a690b17aa58818925ba5937b1791536e2a1d8b9ef7745680b9f8c806cbc8999e - MainframeEngine/Content/Shaders/include/limits.glsl
2f24da89f79bf15d5e9fc12a22255c1482f45adf505027c94ee941e240a9c0d9 - MainframeEngine/Content/Shaders/include/material.glsl
35bfb274739489c5d86aada59f55bae2fadec4fed0e9de073d7c2948f9ed1574 - MainframeEngine/Content/Shaders/include/shadows.glsl
39a6ff1319245f6b26f60483c204462631478f7c14835272d6641a09835f928b - MainframeEngine/Content/Shaders/include/sky.glsl
