# Generated by build/shaders.sh lock — do not edit. <source sha256> <spv sha256> <source>
# slangc 2026.1-52-gc8ddf20bb
7c9b80db426add05587c8d33023eaf807c4335656e771b96c14c496a783374f0 96114fb6d727effc4dd7d1feb50d779ccd5e091e74c9022946d6f78da004b611 MainframeEngine/Content/Shaders/Canvas/Canvas.vk.frag.slang
2b6e61102163fdd3fa83b819040718217e9d75f01c7757325510016355c53dad 05dca7fe20adfb2c8c1c6d0ffc76cd1356e5b130587d3bd41c4942070ec6c44f MainframeEngine/Content/Shaders/Canvas/Canvas.vk.vert.slang
cb13e6ba6d16658b3e55c9232f563d4433df245250a96abfd8a559bb659347da d964d86cb64454335f858a8d6af91d201f8044d8a13366ed5cbd97f259464a40 MainframeEngine/Content/Shaders/Debug/DebugLines.vk.frag.slang
59ed1cea04f046c9f5dd6906f95a91fbf38c2e6285d6cd7a4a85cad91bc202cf e40b2b75a1f6d138c876fd53834d0e19628e456133930cdcab322f15cded73c1 MainframeEngine/Content/Shaders/Debug/DebugLines.vk.vert.slang
c43fd357099fb21de18a04c05f22504176667c50f59a02aefd12c2f068e0bbd4 891c3681ba26bdc713cfebdab81d3582c04fd831f91a0b2ab74173380deaa3d7 MainframeEngine/Content/Shaders/Foliage/Foliage.vk.frag.slang
1db94a58b6d7d7084ce053ff04e6ae496014ec31462ad2d5014abd3e38cde51b e0a5f3c5b817e672c9aaa6090c1a555977b95b6b56175533a100bb1f77de21ee MainframeEngine/Content/Shaders/Foliage/Foliage.vk.vert.slang
99a75fe793b5c00d238137773ed4aece37076a51b3fb3b335f4177e491a41a23 bc86c7cafc4406263a96a2e2953f1e0d533d5397532cab81b1a343fd6afbdb4f MainframeEngine/Content/Shaders/Foliage/FoliageDepth.vk.frag.slang
aa0530dfba0dbe6e7fae2ad13cf7efbd2aba7376ee86cef228c99b6336d92823 509b84ccf14b0366c985399683ba1a47d88fececc601d7aceda4dc15e6e85aac MainframeEngine/Content/Shaders/Foliage/FoliageDepth.vk.vert.slang
7904b4b319bf538c52a86fd419e119504b528236faf9b76cf43419feb91a3ea5 eb49b319d4864482a8b1c52546e66a5768df476b87a1ac07dd029864c2428dfc MainframeEngine/Content/Shaders/Gizmos/ScreenGizmo.vk.frag.slang
63b21ac0720fccf26cbcb1fa0e67a5391a64376831d9fd2659f1e432723c803c 2ed8f288be7c1c9180ce566ffd70b77c8b43bbc121e5cc2c3cf26e1ebd774e7d MainframeEngine/Content/Shaders/Gizmos/ScreenGizmo.vk.vert.slang
fe8634ea4d4d1649b9307a0fc89e72d2c6ad903eaf4cf777e6b58dcf2976ce6c a9d768239c09868e1753c4709729b1ef1c82db056959c83bdc6c36e4ce80ee6a MainframeEngine/Content/Shaders/Impostor/Impostor.vk.frag.slang
d55020bb8f5c5e2d01b7cf198b009e077e938f508d0d65028860376a13b75ba0 a1dcd868288d1d138bb10f97035ca05510fd63a106d1ae95231513fd61094d19 MainframeEngine/Content/Shaders/Impostor/Impostor.vk.vert.slang
40a9e1db46dac6789f5acb24405b6b417d590deb4eff77cb5b5c21dd0daa9b6b 7187498d0ac80ffbd2c10e3cc8f5aba361a5f6378b0a10867cf63f58ad924f7e MainframeEngine/Content/Shaders/Impostor/ImpostorDepth.vk.frag.slang
a147ee3a680ce6cf5754228cabbc647013daded5541aaa92b58d853def6676c0 68bf16ea001726de0fa3dd679b61abb3bf42922a3fdc69188219c84935dfa349 MainframeEngine/Content/Shaders/Impostor/ImpostorDepth.vk.vert.slang
8548984e4ac827755e3480a1361c90d5a2216f3b9b4909abd6bc318ef2285c0d 2e5b647ce0ee2a97cf133a583a064fb3a281d7a3bc2a772a46589a7e55803839 MainframeEngine/Content/Shaders/Mesh/Mesh.vk.frag.slang
8cf0ea22f680fcdc99a3dde806a131ea8dea4f923306e6ca0066a5813ca8ab6b 321e4654f228f48c8cf71d8772468065ceba1de5cc67adbad197a02a6829407c MainframeEngine/Content/Shaders/Mesh/Mesh.vk.vert.slang
940bb7f38941c8acf8b13f96cc2ae83b95876dd8a5afb428d434823479931fbe a0ca41cc401bc3923d8072a37d8495005bf6cbd8d237f268fb52983b1a776682 MainframeEngine/Content/Shaders/Mesh/MeshDepth.vk.frag.slang
dbc4517116cadd50dea3859e33aadff08363198fa0b5dd69bf1d21b3f147c17d 5a8197367d9879230f7f19ad532736760bb77dee042d1e5ec9a84ff166ef4744 MainframeEngine/Content/Shaders/Mesh/MeshDepth.vk.vert.slang
ffe0349faafb96dac5a51cba9e15ff9b435461fffacee0a1794354c53f060302 394268d2ed451093aa3825db05ef4ae921918a0b26291abe80d9b367ed0784e1 MainframeEngine/Content/Shaders/Mesh/MeshDepthExt.vk.vert.slang
62057ab75f5ca40ef2acf50f26795a67a5c04e7b8def8a1bd719322daeed51c0 7dfaaf6dc6d211e935505c1183c1718e455be0650aa7f9668d2d99b0f0b41dd3 MainframeEngine/Content/Shaders/Mesh/MeshExt.vk.vert.slang
f0a8022be6cff2c4ab8ef8cbfbfd5d428d53f502f999be941591c80457c1d44b 4ca2012ea15993b3620296fd2bf8768cb8707a737ad18c1be01643a62e232c5d MainframeEngine/Content/Shaders/Mesh/MeshId.vk.frag.slang
68571d40645cb32047f34b4415d2703112db31e4831f5b420104cddd0c70fc30 ae037bf9cb37e00730999d981f0e1b9d86ed717e7732d86a61c24c4910e64117 MainframeEngine/Content/Shaders/Mesh/MeshId.vk.vert.slang
468f873ebd9990b6f39a0d77fe5160ed122dd57800bd18a10d2ea8aa979e20de 58b20acb9b480ab4019d43844e827ac07b5b8e0604c5ea5ed21cc5e098452b70 MainframeEngine/Content/Shaders/Mesh/MeshOutline.vk.vert.slang
a1ecc82bd2dd472609a278dcddc4ea8ba7cfd1ff108b24bbddef8c4c6302b6d5 e7391c1a9818aee5d2b7f1fa199f0cf29f879399ac5318d7f29793645a87581b MainframeEngine/Content/Shaders/Mesh/PrepassSky.vk.frag.slang
149fb78938ccca36b9fd8791092af314754a8ea05083f2a866a2f4285ee2e37a a843f996a21376fdfaf853dd2917b0eaa3fa698d2c7b50e095d843e25c1b719c MainframeEngine/Content/Shaders/Mesh/PrepassSky.vk.vert.slang
4a601e7e30edd4c4ba6cf7ab3a7c4cc361c07b210b1b986072dc46d63e0d7eac 0c90abf8c52ba8d88c5a46a03f35447a7067f3b97857bd65ab87b11feac0d946 MainframeEngine/Content/Shaders/Post/AutoExposureAdapt.vk.frag.slang
51e504c1f66d70c22802a627fa26b98dde15763a543f839ff9fc8feaf18da722 a675ca8764042a2148e7ebdea39c5d141a440a159c60059a23afeb0ec59ea581 MainframeEngine/Content/Shaders/Post/AutoExposureHistogram.vk.frag.slang
6b2ae4e9500b1137f4abfd0b2cb9e6f62d100f185de326d962ba757ce3b8e0cf 6afdd368fbb7f60ed2f308b169300599e570323972822eb1d3a1996ee6af357a MainframeEngine/Content/Shaders/Post/AutoExposureHistogramAdapt.vk.frag.slang
5879bbce7633a185bfae865b4a9fb327ab1fd6529d3c109b9f099f89d3c357f2 84f1b7bc3e3930c536ce9a740a0170f44a13d232f5fddbdfb0a570c746664a03 MainframeEngine/Content/Shaders/Post/AutoExposureHistogramSum.vk.frag.slang
5489a59daca4a2426ccfb5f22205cf2be256cc59518be1c87b3653e34e90f1ed 303bf337fcee6830f7bf2ebad1bba204d5289bf4aba3dab3f1694d414030b257 MainframeEngine/Content/Shaders/Post/AutoExposureLuminance.vk.frag.slang
c37099410625677675c8ef5f42f8b779d60c8c3c3e2b6409cbd8a71549d19d68 714bd141761404b1bcba60770bf29d846fd3893d76565733a15644f51da5b615 MainframeEngine/Content/Shaders/Post/AutoExposureReduce.vk.frag.slang
865e72e1862dcbe7f037d5bb47987a451157e6c34d51b59b6b7c4c4bdafc330e 0cece385c373f02d0971d6f9f31c0c957050f7de9f6ae5daedbc044dc2cc929e MainframeEngine/Content/Shaders/Post/ColorGrade.vk.frag.slang
1aa16c474f4f4d977c277d393026aa948c9949ed781b2e2384c3f6ae1b8322c4 7e9aefeb9c50ffbcb3d50aa2f79adde66b6c5e95e39de313e98befa3141e1aa2 MainframeEngine/Content/Shaders/Post/ContactShadows.vk.frag.slang
2dffb7a79e7e8e0b005498123d47281ce8cecd5f1cd47c094005dda05f2cf0db 69ea63ce6c30778e261efbe582bd93d69720b2b84fb01f7ab0b04cfc48748cd8 MainframeEngine/Content/Shaders/Post/CopyColor.vk.frag.slang
ba69d7bc496af5a76d3c6adf8ba74f7295b85803999178e6b2c3fffe9c1d3408 3e615db9662640bedbb769ae21becb16cbb1c473a98b362e3edd3da86dd1060b MainframeEngine/Content/Shaders/Post/DofComposite.vk.frag.slang
837aff6f25b2a48de802181389a0d123b5ef92e43da77727e0d4b0dba3da75c1 a8e410ffec2c65c70e2c049ccf1dc3435b89d084148d75a8f35c9da9d402a5bc MainframeEngine/Content/Shaders/Post/DofGather.vk.frag.slang
515aa75bf8484adde5144def2728faf4fb99f634a28338c1ec7488f224f5776a 390ffd466c1362958dbe135928ee91c95eed1baf137b174c85e559c1bd20be4c MainframeEngine/Content/Shaders/Post/DofPrefilter.vk.frag.slang
9a7c6e252298f45d60e8ff3a72579af7449476625e65c5e1b0a491d9d2d291e6 241cf721287846ed369e52a77fbcad6df038bbd1e88ea1de030d88ff6ff1a9d1 MainframeEngine/Content/Shaders/Post/Fullscreen.vk.vert.slang
3188ff4a6afbb769dd821166bb5259fa0fc098244aa804e6660c7f302adcb18e e1888ae460b80eeb6ec969c5c564da17bf5a673dc8a85f0565b9377b304a5b66 MainframeEngine/Content/Shaders/Post/Fxaa.vk.frag.slang
26a63090ac97aba363ea3fe3a9aa705c3b5d08b682df2df976b2b1cdc8c54259 a4f4c4006e68c4221f9a8a3b9caec2c7a45f7c9006b9ed325a0d7bca29b92612 MainframeEngine/Content/Shaders/Post/GlowBlur.vk.frag.slang
e2afd3d712e47315213dc8300318e108d93ac8bf06d7fa5f8b56f73b04af479d 3a989ad44eba83f9c8122b6d72f488979a10646a61739b29a01a4aaa655401b1 MainframeEngine/Content/Shaders/Post/GlowDownsample.vk.frag.slang
88f70af2cfb7c5f759a32d69c423445151b28da5e8b206f51c8d11776b7e0fc3 4199c0db13e5f8447fde0edb52e32d0f1506ef05eacd77ce6e2bf6e0d805d6de MainframeEngine/Content/Shaders/Post/GlowUpsample.vk.frag.slang
e017b4edd9358bf2fb589d7d2c9030668f1e269b660975e0932d4d51779f8ec3 de6edb5e6b54981f8f7729df2f3765e45b49d9254453d0d4535750413e0cc787 MainframeEngine/Content/Shaders/Post/Gtao.vk.frag.slang
38ea90def683023f190ff4671d1f72e5cb746384268dc3abc6369a3c85ac3a7b df1600d4d29ac67365ab9b162acb8c8c8d71a3d084984ae4cd291b1b1dd67eda MainframeEngine/Content/Shaders/Post/GtaoDenoise.vk.frag.slang
645197c582f5d4dcd266ddcdcde764bf7708d77780c9fa1c44532cfba88c3704 32bad91d5ebd18fd40563b755a4cbddb932766dafbfc73606f37df1aa46de011 MainframeEngine/Content/Shaders/Post/GtaoUpsample.vk.frag.slang
06a82de4db4e5dcd832cbc6b95784453db0f4ecda9854322d2bcd43f9cca973a d4427e69dd2460bf2fb30ce556b22875342bf48c0e52dc23f19b5070f1751a69 MainframeEngine/Content/Shaders/Post/LightShaftsBlur.vk.frag.slang
9d582bca4023af3a2d1d5b3bd648c3a87bb81d2268cf3bc1ba1bc2e8845632ca a892e1c6c5614d61c14117ef0229534f4efa3970edb13eb47d6c64de6b5cff1a MainframeEngine/Content/Shaders/Post/LightShaftsMask.vk.frag.slang
536c27c1408a484e2ed56b39b003b5c172032e0af9316bb39da4f8b9f75f93d4 931d364c7012e953385a437a88aeaa109255a8f855c51cfeb7d69d42c6e8dce9 MainframeEngine/Content/Shaders/Post/Taa.vk.frag.slang
7cc6f8654a0dd30571547b0760ee2a61a49ad8ed9933691fd6f4b31d359d77ed a7f4ab1ac297fbb9fbdba862bb5e19a181eaa0b018f5366c8455f391e1f29d6f MainframeEngine/Content/Shaders/Post/TaaSharpen.vk.frag.slang
f98a653e824cd811612b48c5d662cb72b6a035f4422e24c148040c809245ed83 6267cd09c285ce6a269724bb7cf4e66264654b47dcb2d7bdb7257be94e3001d2 MainframeEngine/Content/Shaders/Post/Tonemap.vk.frag.slang
61871a7bb80b6091b8cf122030c3c5eb34725a0d9e886a137e61c046038b377c 767b2b7798c044d24b5397c6ae24d6b5ac45279791266fb6bd66848aa239e054 MainframeEngine/Content/Shaders/Post/TonemapPost.vk.frag.slang
ceb2591920d225db7ff1057bf5ceb1ac27b3bacd4df986931fd8c765edf9dc76 09d59726e1171791e93a071d1412838a9eebed8b424da4373dc4c0ce6560b430 MainframeEngine/Content/Shaders/Post/Upscale.vk.frag.slang
a2abb6a75e6717ae51433c29477ee695f0db8ef9a9559831a96fb5b8dcbf853b 35cd598c9abbabd115906c107c8559416dd2a4ade62a931d55e534d1439fc827 MainframeEngine/Content/Shaders/Post/VelocityView.vk.frag.slang
01da5dadc70bea0d6044e931ae0458e5861b273caea4a25be41c4a1a3bba91d4 8e860c7c63b1b3ed4d8bcf9a3df8d42612b102e6926ade7e7d98296a8c52ffab MainframeEngine/Content/Shaders/Post/VolumetricFogComposite.vk.frag.slang
3e05d6e19df4debd35d67ff55244e75ca710b876ae3ec88fc980cab761edff46 a619fc19d474ec0b0302e5946bc0e71be1596a3a6aff7adff6cc2fbe6bbf083c MainframeEngine/Content/Shaders/Post/VolumetricFogMarch.vk.frag.slang
32bb428a46aa28f310fb79b5b0b7c9552e21486d1a9e4edfbb4109c0e720c726 c488cac662b4342a0a2e709311abd26899223d0f9feb95cf69d4dcfa43c7b4dc MainframeEngine/Content/Shaders/Post/VolumetricFogTemporal.vk.frag.slang
b1cfa3e8990f80fafe5053296da49ed4ab93d502d14fde666380a7da703b3ca6 0a50af17404e9c8e410e56148f581d3dca6d5b72f2a87a4b3faea90009cc8ba0 MainframeEngine/Content/Shaders/SceneGrid/SceneGrid.vk.frag.slang
bf869646cf76bbe36cab9c0beaf2c8309756f6cbde9fbee7fc5395d23928a5b2 7768e2a7f13b25a15501dc8ab244ca40daeda670b27c6e88461e01b916bf6687 MainframeEngine/Content/Shaders/SceneGrid/SceneGrid.vk.vert.slang
21f309111e9968c8071ed8cf287fcc275fe68e842d5d026650cde94faf862947 82719c4e431f62fbbab099faf2d5793b9372661cdff73850b599491e8d25b022 MainframeEngine/Content/Shaders/Shadows/Shadow2D.vk.frag.slang
141f8738af77139e51495a16f4d861ff1d5b4f023d45393f344a3ddb4999d319 5432f919c02cca7684ab176f2f1f14c6c76d9ae144ce62dc5df495f2dbd375eb MainframeEngine/Content/Shaders/Shadows/Shadow2D.vk.vert.slang
8b49f1fdbb7dc24f7c056e8eacef19ab160f917901946d04cec378cdd974cfe2 546546bf7876c96a0c8e109e51a3da4532aa2db119169c9d9943f8d76b1ed8e0 MainframeEngine/Content/Shaders/Shadows/Shadow2DCutoutInstanced.vk.vert.slang
205252053b5ffce7535ab51342e4b83ce7ca2bb0c693256961fb2e33827eb974 c844de440e67e3ff8dba5b1c48ee56e2afc3d9d8c6421ba45a4b9a309d41a283 MainframeEngine/Content/Shaders/Shadows/Shadow2DFoliageInstanced.vk.vert.slang
14a85ccb6cefe83615bc20d8c97ee1a07af65da5e76f15f0c1e6704366f8796b adebaa303cdf9659068c1140f44c2297c6d7fa72c77afed5476e09d55e277979 MainframeEngine/Content/Shaders/Shadows/Shadow2DImpostorInstanced.vk.vert.slang
e254996b8f4cb3832b5ffd6690c5c7925ff12a64785000acfbb61768d9e8d4bf b2c8fe082ab2602f3e81fa93ae3d3f4a1dd3161485d2a23788bd7f78c6f911f5 MainframeEngine/Content/Shaders/Shadows/Shadow2DInstanced.vk.vert.slang
c8b0b58551e6d586bf148f55d37a3d60003702dc24e569219bec8ae30a802e4f 56f016c28084c5aa77f48cfdcd65a8459b417514c093a70fa85b3dd0bb88157d MainframeEngine/Content/Shaders/Shadows/ShadowCutout.vk.frag.slang
5e44dd6450f6b81bb334b91166f26623876be41d4043e69cebc80754d1008e98 cc83cd5011d9f4c0834bc77fb8e65a26e45dc39a833f1e7b5c3e90fb1495f331 MainframeEngine/Content/Shaders/Shadows/ShadowFoliageCutout.vk.frag.slang
10721c83bc69648ebf487b35709ed763d74a9c53a120490f8d85b5447eedf027 0fc8b092889d0d23859b717b62930c5578f0bd1a9f53a0c6aba7998b1be99edb MainframeEngine/Content/Shaders/Shadows/ShadowImpostorCutout.vk.frag.slang
962d8b2382876c772b0d6df45f6d38a8a10c1e554cd79a69efdd428aee21c58d 3f21ea6e2b7d232b5919abb8811654ac26dc541f1bfe6a07f061c70cc213559a MainframeEngine/Content/Shaders/Shadows/ShadowPoint.vk.frag.slang
f9f99d329e62fee40045cdba02873a728f7e81c92abb76dc30de45e39b024700 52c0b1505855734ce36c8a2c0846f03102e459f3cc8a295484ec84ca030eda43 MainframeEngine/Content/Shaders/Shadows/ShadowPoint.vk.vert.slang
6e12d057c5716fb28c6dd57390e14986aefe5c5c1db33cfb68aec226a4d06067 35aeb3ed2af35627ceaf309aaf24b5fd09113b451ea5a3e661ead8248efd10fc MainframeEngine/Content/Shaders/Shadows/ShadowPointCutout.vk.frag.slang
adacb168bfb42fb8caad568cb9164fe86652bb364f5195753abd91bc9200ecbb a33c018e386654c08ebfaccaea692e75e4fdc6b6c520d52b5700691c3d0511ce MainframeEngine/Content/Shaders/Shadows/ShadowPointCutoutInstanced.vk.vert.slang
3eb9a1eebd03c2c4702d08eae9fb77af8ef2a431b95409052ccd32770fb680e7 5ade40a01d4a120138ca83c9ec494fa88a52dbcc3d2a040296f2878162ccfe85 MainframeEngine/Content/Shaders/Shadows/ShadowPointFoliageInstanced.vk.vert.slang
a727ca2b44f9ca34bb6dbf22fd8c98c3e82ed3aeb24b7ae2cfbd76be9a93d5cd 23124dbfe7ac4791f4fdb647db8f6782d400bfa23a6b6ffcfc5cab11cd75f5a1 MainframeEngine/Content/Shaders/Shadows/ShadowPointInstanced.vk.vert.slang
434cde63059e1bc2791b9e3a20f87a2f4dee17ad63ca542202dd09960ad8a783 9af3c0bd52597607a23b2b62cdd3831ea28cac561e1c579a26faf354359f1422 MainframeEngine/Content/Shaders/Sky/AtmosphereMultiScattering.vk.frag.slang
5ac6f9aba1a81d3f681b5d60d2182c03fb6f9fb6f2bc761a23dfc562147305da ee0515f184364665682ad3bb3269f9c91a22357f0947480edb963dae6a8ae6c2 MainframeEngine/Content/Shaders/Sky/AtmosphereSkyView.vk.frag.slang
f8bd958c172069db8ae5d76a160181e8cd34484d4c8dc394904c1383b5d63267 30564bd6f97350399e51b4ea93bef278b4631f1e19356459234f8b6dbfb51f72 MainframeEngine/Content/Shaders/Sky/AtmosphereTransmittance.vk.frag.slang
d99a24f82b31abc6789007855adce3bb8fe19a474269a73894c7112b3169dcf1 dc8c362e0586642f00d1d31b5c4c7863f7ecc58b25efeac3648c7e6ff8274d41 MainframeEngine/Content/Shaders/Sky/Sky.Cubemap.vk.frag.slang
c06852054f6ea9a43d8e31d88ca87491722230987304e47c0d4cd5133bcffe0f 11033da731932fdbbfd20bd2609ead0bde871a53f1abbbeedc8928511a72dd8c MainframeEngine/Content/Shaders/Sky/Sky.Panoramic.vk.frag.slang
97eaca3a0fdba8956f1bf2edc42cd9f49224603fb2682cccfd9927a7cb81f43a 57b2e4fab401690442766fafd52c4a4b9c8df90b531d549ea11b256bf4860b42 MainframeEngine/Content/Shaders/Sky/Sky.Physical.vk.frag.slang
2f6b7d65eff32604f6fceb045b121ad8d05e159494ea1ff9d2fcfca93ca692ac 189a0e16f1306443aba57d7da7bbf6906e66bd1772b01f50066a5e5d85d556d4 MainframeEngine/Content/Shaders/Sky/Sky.Procedural.vk.frag.slang
cc65ee497e80ebd884e70d1396ce78ee0a0cf4b4f67a52b156de0794d41efd78 e9196dcc1891ec233fe3816e2624f745ab574c4aafb2c1111f214de32ea5ae93 MainframeEngine/Content/Shaders/Sky/Sky.vk.vert.slang
ef5b09e3a7e317a3fce3caef22aab354cf65249b0644dd95544a913f4a81fe06 0a6dc16dbec6223d64d81d3e1e2185a8f5850904a8ae5a9dbb2f14678d826c19 MainframeEngine/Content/Shaders/Sky/SkyIrradiance.vk.frag.slang
eb574b152eceebeeef8564348587276c0821cf90b031ab6bffd7091f7384b2ec 963ce896af1156f88784a4f0bb953923db709326b5503cd0d47f11b9aeef0134 MainframeEngine/Content/Shaders/Sky/SkyPrefilter.vk.frag.slang
4313cda7626128ba0313a744f5cf1c7ed9686cf8bb7bb6055eba2fa5ce28b8a9 fc442dce02550fdb49305c59de68f430c0211106aa91bf3b09908949dcd923db MainframeEngine/Content/Shaders/Spine/SpineLit.vk.frag.slang
a37c191a552bc281f491b7fbb91fad2e598b5db9c29894ee18be0a534511d913 d50122dc277f831f44d037e8d2c95802a814a8c72f3271e271e68cdfa1679dd8 MainframeEngine/Content/Shaders/Spine/SpineLit.vk.vert.slang
63c7d89b5c09f711f1fe3fafa907ed746c7854b87a8917b8d81944e7ba5a0e68 deeb56542ef16cfd1833ad052da836c052fa6338c14584281b853883f342f21e MainframeEngine/Content/Shaders/Terrain/TerrainSplat.vk.frag.slang
b5b325a051ab0c79a7292c48957e734f120d67b4cf5ce2658a5df1bfd88e1241 6555be237146aa1a6ebc299e1c61b82658292ed1ea1ff5e04f8738f455b44bc5 MainframeEngine/Content/Shaders/UI/Ui.vk.frag.slang
4b39ce7163774e432af582326f0df162a11c19729952d4f153ee0bac270233fa 500cecfc137de1d7d3e8f636c82d34ce2c418baa52acdfc84558ba0f55504aba MainframeEngine/Content/Shaders/UI/Ui.vk.vert.slang
94adc699f4b419b273f487589eaf64206235e6dfe9c2cde799a63a81139cc58e 06248f2c5cef84dc7e049c1c7aa468b709d304a1c136e5dfe50a5f20274fd36a MainframeEngine/Content/Shaders/UI/UiBlendMask.vk.frag.slang
dcf9f61d4f7821c442b861dd8c4cc5961819895b60f3dacb79d4d3d79e6c0804 b20974bb31f7720087a0b64e4ed68aeacd2ab72ef48c2fdabd11724d4bb1f967 MainframeEngine/Content/Shaders/UI/UiBlur.vk.frag.slang
846f45eebb646e2973bb94b17186ddf635fcdc230900b73cb1aa65265ce01efd c9b8fcb5cdc374032de5ad5882621dd205e05b88126834e6f4263afeb68f1cda MainframeEngine/Content/Shaders/UI/UiColorMatrix.vk.frag.slang
5f0dfa58464ac66f4ba4a15da26518b670c5ec60d8d35b2a8f353800648c248e 5810b6eec7d0e61ff23580e77c19bf689d8dbabe4c3ad8508a2a1c52648d1bff MainframeEngine/Content/Shaders/UI/UiDropShadow.vk.frag.slang
bc548e89727ab607772aefd4a099ef15e1c10c717ef004ef7aca4b01fd8b25c7 720ade8f58a1e531150861eda85ac4ac398ac404104b03c15aa3d5f6694aca1a MainframeEngine/Content/Shaders/UI/UiFullscreen.vk.vert.slang
380f00c45e1bcd74c0247a4b7858ead779ca7ea94d431cb25aac1114642ceb6d efd4735dbfec93ceb31a311a765f7bbe6fea0aa5dbd5f63e169e2ffa9ca466a4 MainframeEngine/Content/Shaders/UI/UiGradient.vk.frag.slang
6cb61fee6bcbfd8cbb91969b835e96ebd08d9223be46acb135bf1f6b7c7fc702 98903104035f505bae9478fc4daebbdad1ab6cc370f40db04af38b856b34b647 MainframeEngine/Content/Shaders/UI/UiPassthrough.vk.frag.slang
5da43a78eea11beefbd1a7686bb14f4d5c46cdf39e89cbe366ca32c5ce06e53c d4014640895ccf929cd7585835758de8fec3fbc18d77d3289121efdb4a2ed673 MainframeEngine/Content/Shaders/Water/SceneCopy.vk.frag.slang
b73b281e8dc7fbd85181c508df734c7f74b50f702c2d948e47a9dddf13a8803a 8e581889e9ae7a9920f5598e83feef29a354a3ccbebb3e435db427ff4a5fdb87 MainframeEngine/Content/Shaders/Water/SceneDownsample.vk.frag.slang
5e4c5b4e1b376351691c81c09302a1bed4f88ebcd54164725307c39cd267a413 c9aa1d50a06916aea55613bf34276e360db06817d3d7ae2a5dc70d12d8d8cf3b MainframeEngine/Content/Shaders/Water/Spray.vk.frag.slang
b4926364011206175d3a26bde4d6de59af88689a9e668cbb0cdcf2039e3f9cca 12e8f937f7a0fe18a18856dfcb62bc9d646a703576fcb09293fbc0f694ae13a2 MainframeEngine/Content/Shaders/Water/Spray.vk.vert.slang
320318a41858c185497e6b0aede9c87b747bdc891112e6777d00da76c9ac1fca 326736a4de02c7d6f025c123729649de0302e66c2eed953a092fe400be45116f MainframeEngine/Content/Shaders/Water/Water.vk.frag.slang
51469b8e793852475aa5152093e2324042579a3e14f869d33160925e6e95864f c2a0bb40a946023d38efb4957b15d79d281e42c6fb6f8254e65a1dd841ea4933 MainframeEngine/Content/Shaders/Water/Water.vk.vert.slang
294fdfe4314d25f4cea5e0d545f89915064938c19095ae4cf3cf35be3eeda23a 85390516bef3d2400823cbffc5b1eae6bbb544ffbe6b71108a1bb71ac27c5923 MainframeEngine/Content/Shaders/Water/WaterScene.vk.frag.slang
154edcfe1cad8c9578efff5ddc19fe4f8e15fef0c0ccfa602bc0820dfe4319c9 b8b39492a8234f2889350dfa58b405cd106cf2411684e4322ced6c13eefe8f56 MainframeEngine/Content/Shaders/Water/Waterfall.vk.frag.slang
8506233cb0c78594fd9612249b93dce80e28b91172a028d8edacadba7d8fa13e - MainframeEngine/Content/Shaders/include/alpha_dither.slang
a7a22ea30e6e8d7c19bb069bbb1432c85ef1de03ecd9387225c467e67d05d9e4 - MainframeEngine/Content/Shaders/include/ambient_occlusion.slang
cfd3ec055be74b4fa5209af182c51cb7f4eb485e5c365994775de9815fdaa660 - MainframeEngine/Content/Shaders/include/atmosphere.slang
4d8166317f4a1d7c86ac5d462a5228b6ef4c0a23e786282f79cf540c98899d61 - MainframeEngine/Content/Shaders/include/auto_exposure.slang
375617c2263124d4ab5dd8dc95b70ad9dd39c34db1424145c5156d9686314197 - MainframeEngine/Content/Shaders/include/canvas.slang
d30355aad1d6137c6dd4592e5425b3044bddb161c6b0e121192fcfed4406e148 - MainframeEngine/Content/Shaders/include/canvas_lights.slang
0bd5ea5dbf122fdcdaa2e34194c19b505f9255421eae0212433df125793a337a - MainframeEngine/Content/Shaders/include/common.slang
69e7cae76f4a19d4474a404a63eb2b264842af7bbe6fb9f1d2c1d6e3d35ae9de - MainframeEngine/Content/Shaders/include/contact_shadows.slang
b8f68767760a381af7aa46d8c1e81d764b4fd37d1487c84bfef7f1f6314c27a4 - MainframeEngine/Content/Shaders/include/dof.slang
7ec7638ccaf28bd71fcf634e58b1dbae21af5862ee482dc1558831b662e4374b - MainframeEngine/Content/Shaders/include/environment.slang
f677530134fc72f7c6a8559e3ae47a5359dbd710a6e83b501cfc985e240d81b2 - MainframeEngine/Content/Shaders/include/fog.slang
3fed1845138199c43a4126f07b6c78daacda266320227db43da3eabcfa58d3b8 - MainframeEngine/Content/Shaders/include/foliage.slang
b4dc12ede8d9061d5ea513413d8f4691f19b105e3b4667100222f5148a7c02e0 - MainframeEngine/Content/Shaders/include/foliage_caster.slang
298721e5605c506e36d6d6372d3f28bef9590f9489d882aa596a97934aebb2db - MainframeEngine/Content/Shaders/include/foliage_lighting.slang
a100ca7ff1bf6c7f1f200521ff02a05d51ba480446c3ae1f5a2c6af47bb341ad - MainframeEngine/Content/Shaders/include/frame.slang
09b2689c2334e282e43a16ef9c5d24ce432b06398162eb9b3e9e1fd642d30b8c - MainframeEngine/Content/Shaders/include/gtao.slang
cb7a3b474ab08eef5be4abb2a38f64afe62e514232d243d955841a1a5a923882 - MainframeEngine/Content/Shaders/include/ibl_bake.slang
9a5e9cfd6323054b1b92d546b0168a76580e1fd316c07192be19e30bceca1ff3 - MainframeEngine/Content/Shaders/include/impostor.slang
49e844558714db9aa25d07a87415d4338d1dd0ed81e2cad101de1dac66ee6fc5 - MainframeEngine/Content/Shaders/include/impostor_views.slang
6bfc03329f0366eb31855e162b40613b741a8bf8a132b02e6ba7c0214d79dbed - MainframeEngine/Content/Shaders/include/indirect.slang
2204a1c8ad2d71e38a88159fbc2cc936077102dacf29422b24cb3cc05410650c - MainframeEngine/Content/Shaders/include/instance_variation.slang
b24478bd1ebecff38f822f7a9960b5a9f5117d6d200264f0e7e92e487393978d - MainframeEngine/Content/Shaders/include/lights.slang
21e531e72c8b265ed2d05a5dae1794bd0b748551b7e6addbf6b6a277dd201912 - MainframeEngine/Content/Shaders/include/lights_data.slang
ef19f1e4d60924da3f90d2fa3e25969b321f99f80851ed935807951aeedd22b6 - MainframeEngine/Content/Shaders/include/limits.slang
64e2cb7d4e825702bd1d57dc12b310db03ca97339934cb73b6bb95088acc27c3 - MainframeEngine/Content/Shaders/include/material.slang
1278c3ce50e0e6abdf36a2153b6fa6b7e4896214d63ac6435e1372af72a861ec - MainframeEngine/Content/Shaders/include/probes.slang
c90888bf3e7ba6ae14900cc46df8be2bedbf0a394793e235861b6d519257b893 - MainframeEngine/Content/Shaders/include/shadow_density.slang
e083a676857eb034070df291a748f6a9f71ffcb4b96366e5673abee5bd870351 - MainframeEngine/Content/Shaders/include/shadows.slang
6af9afb9767bec5449b81cb3fcb38d0ec97a094ba771230a189c49fbb84fdebc - MainframeEngine/Content/Shaders/include/sky.slang
7029ea24d0bfca02156bc8e46a9226492190157439b927bcbe5c45847c6ac2b9 - MainframeEngine/Content/Shaders/include/terrain_macro.slang
23eb50667e7d1b6588b6ac0cf0a1c15560ddcf331bb6200f556487702590a2d6 - MainframeEngine/Content/Shaders/include/volumetric_fog.slang
b34b1a7c3f8e687b54a9815d151905d8e5655ee7e8740075984312703e4e3a86 - MainframeEngine/Content/Shaders/include/water.slang
695781eec08486f1c869186f92bb2f246f9c35bb4eef8e797b57583a44bac0b3 - MainframeEngine/Content/Shaders/include/water_scene.slang
5ee89f10301ae4ac3d181caa81019bc68cb07ec6a46b233c8228caeb0d79a64e - MainframeEngine/Content/Shaders/include/wind.slang
