# Native/natives.lock — provenance of the native binaries committed under MainframeEngine/runtimes/<rid>/native/.
# Generated by Native/natives-lock.sh update; checked by Native/natives-lock.sh verify (natives.yml).
# See docs/design/natives.md. Do not edit by hand.
#
# component <name> inputs <sha256 of current build inputs>
# submodule <name> <path> <commit>
# binary <sha256> <component> <inputs-hash-it-was-built-from> <path>

component enet inputs bbeaa789c9c944bd489cb3aa17dca88e1386681a9539e624b487ff9fb3fd5215
submodule enet Native/ENet/upstream 4b7a0ff9b0641fa3335a2a9be3ef991b4f456d00
component mfrmlui inputs 586ae5ee77aabd8acc2d583b6bcb92406c2e1488c2cb641b903d42b1197ba9f6
submodule mfrmlui Native/RmlUi/external/RmlUi 
submodule mfrmlui Native/RmlUi/external/freetype 

binary a346ada78cffc561482556fae437b1ced7f156922f7b8b340c5afd3b996c5023 enet bbeaa789c9c944bd489cb3aa17dca88e1386681a9539e624b487ff9fb3fd5215 MainframeEngine/runtimes/osx-arm64/native/libenet.dylib
binary a346ada78cffc561482556fae437b1ced7f156922f7b8b340c5afd3b996c5023 enet bbeaa789c9c944bd489cb3aa17dca88e1386681a9539e624b487ff9fb3fd5215 MainframeEngine/runtimes/osx-x64/native/libenet.dylib
