# Native/natives.lock — provenance of the native binaries committed under MainframeEngine/runtimes/<rid>/native/.
# Generated by Native/natives-lock.sh update; checked by Native/natives-lock.sh verify (natives.yml).
# See docs/design/natives.md. Do not edit by hand.
#
# component <name> inputs <sha256 of current build inputs>
# submodule <name> <path> <commit>
# binary <sha256> <component> <inputs-hash-it-was-built-from> <path>

component enet inputs 564764dcc53e47f2b49083c280dd05746cc50eb3a5737286697d92d4dd811054
submodule enet Native/ENet/upstream 4b7a0ff9b0641fa3335a2a9be3ef991b4f456d00
component mfrmlui inputs 8f9bb10415ae789f234edc6e388ae23d24bf9ef2eec634950b09320812cc7244
submodule mfrmlui Native/RmlUi/external/RmlUi ba95ffe8bfb6370efb2cdcca927eaad4710c5413
submodule mfrmlui Native/RmlUi/external/freetype 0a0221a1347e2f1e07c395263540026e9a0aa7c7

binary a346ada78cffc561482556fae437b1ced7f156922f7b8b340c5afd3b996c5023 enet 564764dcc53e47f2b49083c280dd05746cc50eb3a5737286697d92d4dd811054 MainframeEngine/runtimes/osx-arm64/native/libenet.dylib
binary b25b68697b79c0d9b9814cd07b105444b183cb530a72a659f7909383caed75c9 mfrmlui 8f9bb10415ae789f234edc6e388ae23d24bf9ef2eec634950b09320812cc7244 MainframeEngine/runtimes/osx-arm64/native/libmfrmlui.dylib
binary a346ada78cffc561482556fae437b1ced7f156922f7b8b340c5afd3b996c5023 enet 564764dcc53e47f2b49083c280dd05746cc50eb3a5737286697d92d4dd811054 MainframeEngine/runtimes/osx-x64/native/libenet.dylib
binary b25b68697b79c0d9b9814cd07b105444b183cb530a72a659f7909383caed75c9 mfrmlui 8f9bb10415ae789f234edc6e388ae23d24bf9ef2eec634950b09320812cc7244 MainframeEngine/runtimes/osx-x64/native/libmfrmlui.dylib
