# Native/natives.lock — provenance of the native binaries committed under MainframeEngine/runtimes/<rid>/native/.
# Generated by Native/natives-lock.sh update; checked by Native/natives-lock.sh verify (natives.yml).
# See docs/design/natives.md. Do not edit by hand.
#
# component <name> inputs <sha256 of current build inputs>
# submodule <name> <path> <commit>
# binary <sha256> <component> <inputs-hash-it-was-built-from> <path>

component enet inputs b16e030f91dfdccfb514ed82c3f230e8179b7ea9d5339fb881706844c37b50b2
submodule enet Native/ENet/upstream 4b7a0ff9b0641fa3335a2a9be3ef991b4f456d00
component mfrmlui inputs fef1d520f3babb572af99762ec776570cc623d59978535473f3f4441077c284a
submodule mfrmlui Native/RmlUi/external/RmlUi ba95ffe8bfb6370efb2cdcca927eaad4710c5413
submodule mfrmlui Native/RmlUi/external/freetype 0a0221a1347e2f1e07c395263540026e9a0aa7c7
component mfsvg inputs d84ed8ebab843e05a729d5945857bba4e0e84cc769c546af39c8497a17e61eb9

binary c6164dc79de513f86c3fad37523c58011fcd313baa932383569200289826bbcb enet 564764dcc53e47f2b49083c280dd05746cc50eb3a5737286697d92d4dd811054 MainframeEngine/runtimes/linux-x64/native/libenet.so
binary 5daaf724ff4477e5826aee39eb4efc3f7a4c22de0811263c7cfc9034d9ba262d mfrmlui 7ed1dd35f08568186bb5c9240ae1fadbb9ccead11be8079b56abdb57994b035a MainframeEngine/runtimes/linux-x64/native/libmfrmlui.so
binary 9c7322332e4424c1401f076b39ece5d60a25b3c36664fc5eec2c43f85ad15b74 mfsvg d84ed8ebab843e05a729d5945857bba4e0e84cc769c546af39c8497a17e61eb9 MainframeEngine/runtimes/linux-x64/native/libmfsvg.so
binary d674552fa9122c1e3d16687c3f97ab9bef66d83674265343ea2328a204d421f0 enet 564764dcc53e47f2b49083c280dd05746cc50eb3a5737286697d92d4dd811054 MainframeEngine/runtimes/osx-arm64/native/libenet.dylib
binary 02e93f0db72eacfd8be871fae2a33f6d7e382e8210463573e45da0fb14220057 mfrmlui 7ed1dd35f08568186bb5c9240ae1fadbb9ccead11be8079b56abdb57994b035a MainframeEngine/runtimes/osx-arm64/native/libmfrmlui.dylib
binary ab37616fef63df44e4be01f788f571f25c76afe871e9e977ef001d3679121c21 mfsvg d84ed8ebab843e05a729d5945857bba4e0e84cc769c546af39c8497a17e61eb9 MainframeEngine/runtimes/osx-arm64/native/libmfsvg.dylib
binary d674552fa9122c1e3d16687c3f97ab9bef66d83674265343ea2328a204d421f0 enet 564764dcc53e47f2b49083c280dd05746cc50eb3a5737286697d92d4dd811054 MainframeEngine/runtimes/osx-x64/native/libenet.dylib
binary 02e93f0db72eacfd8be871fae2a33f6d7e382e8210463573e45da0fb14220057 mfrmlui 7ed1dd35f08568186bb5c9240ae1fadbb9ccead11be8079b56abdb57994b035a MainframeEngine/runtimes/osx-x64/native/libmfrmlui.dylib
binary ab37616fef63df44e4be01f788f571f25c76afe871e9e977ef001d3679121c21 mfsvg d84ed8ebab843e05a729d5945857bba4e0e84cc769c546af39c8497a17e61eb9 MainframeEngine/runtimes/osx-x64/native/libmfsvg.dylib
binary 5790b798cd8c40f71be5b08cd809c3008ab27f270797be9ce68315081b3335eb enet 564764dcc53e47f2b49083c280dd05746cc50eb3a5737286697d92d4dd811054 MainframeEngine/runtimes/win-x64/native/enet.dll
binary 857e5870ada103c4c151fe650cafd920ed1866c46040714b02dd636305162b65 mfrmlui 7ed1dd35f08568186bb5c9240ae1fadbb9ccead11be8079b56abdb57994b035a MainframeEngine/runtimes/win-x64/native/mfrmlui.dll
binary 1cbb5dc9a9879a0410d03d63f1a7d04351ed1b5d9fb817ad58b5981ec4ee86a4 mfsvg d84ed8ebab843e05a729d5945857bba4e0e84cc769c546af39c8497a17e61eb9 MainframeEngine/runtimes/win-x64/native/mfsvg.dll
